
Microsoft Visual Studio Solution File, Format Version 12.00
# Visual Studio 15
VisualStudioVersion = 15.0.28307.168
MinimumVisualStudioVersion = 10.0.40219.1
Project("{FAE04EC0-301F-11D3-BF4B-00C04F79EFBC}") = "MamasStalkerServer", "MamasStalkerServer\MamasStalkerServer.csproj", "{71F84D2F-2D24-483B-8A31-8331D3616FB6}"
EndProject
Global
	GlobalSection(SolutionConfigurationPlatforms) = preSolution
		Debug|Any CPU = Debug|Any CPU
		Release|Any CPU = Release|Any CPU
	EndGlobalSection
	GlobalSection(ProjectConfigurationPlatforms) = postSolution
		{71F84D2F-2D24-483B-8A31-8331D3616FB6}.Debug|Any CPU.ActiveCfg = Debug|Any CPU
		{71F84D2F-2D24-483B-8A31-8331D3616FB6}.Debug|Any CPU.Build.0 = Debug|Any CPU
		{71F84D2F-2D24-483B-8A31-8331D3616FB6}.Release|Any CPU.ActiveCfg = Release|Any CPU
		{71F84D2F-2D24-483B-8A31-8331D3616FB6}.Release|Any CPU.Build.0 = Release|Any CPU
	EndGlobalSection
	GlobalSection(SolutionProperties) = preSolution
		HideSolutionNode = FALSE
	EndGlobalSection
	GlobalSection(ExtensibilityGlobals) = postSolution
		SolutionGuid = {151EF972-AB91-490F-933A-21412E7FA4D3}
	EndGlobalSection
EndGlobal
